
Microsoft Visual Studio Solution File, Format Version 12.00
# Visual Studio Version 17
VisualStudioVersion = 17.11.35219.272
MinimumVisualStudioVersion = 10.0.40219.1
Project("{FAE04EC0-301F-11D3-BF4B-00C04F79EFBC}") = "LABORATORNAI 2", "LABORATORNAI 2\LABORATORNAI 2.csproj", "{FD7B8658-1592-45DA-ADE0-C2F4F4FF4386}"
EndProject
Global
	GlobalSection(SolutionConfigurationPlatforms) = preSolution
		Debug|Any CPU = Debug|Any CPU
		Release|Any CPU = Release|Any CPU
	EndGlobalSection
	GlobalSection(ProjectConfigurationPlatforms) = postSolution
		{FD7B8658-1592-45DA-ADE0-C2F4F4FF4386}.Debug|Any CPU.ActiveCfg = Debug|Any CPU
		{FD7B8658-1592-45DA-ADE0-C2F4F4FF4386}.Debug|Any CPU.Build.0 = Debug|Any CPU
		{FD7B8658-1592-45DA-ADE0-C2F4F4FF4386}.Release|Any CPU.ActiveCfg = Release|Any CPU
		{FD7B8658-1592-45DA-ADE0-C2F4F4FF4386}.Release|Any CPU.Build.0 = Release|Any CPU
	EndGlobalSection
	GlobalSection(SolutionProperties) = preSolution
		HideSolutionNode = FALSE
	EndGlobalSection
	GlobalSection(ExtensibilityGlobals) = postSolution
		SolutionGuid = {DD391816-B0BE-476C-9593-5B68E2C4AEC1}
	EndGlobalSection
EndGlobal
